
Microsoft Visual Studio Solution File, Format Version 12.00
# Visual Studio Version 16
VisualStudioVersion = 16.0.30320.27
MinimumVisualStudioVersion = 10.0.40219.1
Project("{FAE04EC0-301F-11D3-BF4B-00C04F79EFBC}") = "CamcoTrainingSimple", "CamcoTrainingSimple\CamcoTrainingSimple.csproj", "{3998D11A-ED31-4DBE-B5FB-9F3FAA8A1564}"
EndProject
Global
	GlobalSection(SolutionConfigurationPlatforms) = preSolution
		Debug|Any CPU = Debug|Any CPU
		Release|Any CPU = Release|Any CPU
	EndGlobalSection
	GlobalSection(ProjectConfigurationPlatforms) = postSolution
		{3998D11A-ED31-4DBE-B5FB-9F3FAA8A1564}.Debug|Any CPU.ActiveCfg = Debug|Any CPU
		{3998D11A-ED31-4DBE-B5FB-9F3FAA8A1564}.Debug|Any CPU.Build.0 = Debug|Any CPU
		{3998D11A-ED31-4DBE-B5FB-9F3FAA8A1564}.Release|Any CPU.ActiveCfg = Release|Any CPU
		{3998D11A-ED31-4DBE-B5FB-9F3FAA8A1564}.Release|Any CPU.Build.0 = Release|Any CPU
	EndGlobalSection
	GlobalSection(SolutionProperties) = preSolution
		HideSolutionNode = FALSE
	EndGlobalSection
	GlobalSection(ExtensibilityGlobals) = postSolution
		SolutionGuid = {CA286E7D-54B1-438D-AE26-A6A5540064DE}
	EndGlobalSection
EndGlobal
